Microsoft Visual Studio Solution File, Format Version 12.00
# Visual Studio Version 17
VisualStudioVersion = 17.5.2.0
MinimumVisualStudioVersion = 10.0.40219.1
Project("{FAE04EC0-301F-11D3-BF4B-00C04F79EFBC}") = "ShopForHome.Api", "ShopForHome.Api\ShopForHome.Api.csproj", "{A271FC09-71A4-A8F3-D303-D93289938F20}"
EndProject
Global
	GlobalSection(SolutionConfigurationPlatforms) = preSolution
		Debug|Any CPU = Debug|Any CPU
		Release|Any CPU = Release|Any CPU
	EndGlobalSection
	GlobalSection(ProjectConfigurationPlatforms) = postSolution
		{A271FC09-71A4-A8F3-D303-D93289938F20}.Debug|Any CPU.ActiveCfg = Debug|Any CPU
		{A271FC09-71A4-A8F3-D303-D93289938F20}.Debug|Any CPU.Build.0 = Debug|Any CPU
		{A271FC09-71A4-A8F3-D303-D93289938F20}.Release|Any CPU.ActiveCfg = Release|Any CPU
		{A271FC09-71A4-A8F3-D303-D93289938F20}.Release|Any CPU.Build.0 = Release|Any CPU
	EndGlobalSection
	GlobalSection(SolutionProperties) = preSolution
		HideSolutionNode = FALSE
	EndGlobalSection
	GlobalSection(ExtensibilityGlobals) = postSolution
		SolutionGuid = {568BC6FC-055C-451F-A845-85A8979A4CED}
	EndGlobalSection
EndGlobal
