Microsoft Visual Studio Solution File, Format Version 12.00
# Visual Studio Version 17
VisualStudioVersion = 17.5.2.0
MinimumVisualStudioVersion = 10.0.40219.1
Project("{2150E333-8FDC-42A3-9474-1A3956D46DE8}") = "Day - 3", "Day - 3", "{9FB5B45A-F650-E23E-1777-786DC8999F67}"
EndProject
Project("{FAE04EC0-301F-11D3-BF4B-00C04F79EFBC}") = "Array", "Day - 3\Array\Array.csproj", "{EBCAD54C-3C83-ED00-33C1-88FB3ADFF30E}"
EndProject
Project("{FAE04EC0-301F-11D3-BF4B-00C04F79EFBC}") = "Constructor", "Day - 3\Constructor\Constructor.csproj", "{ACD9E6E3-497E-4705-FCC8-1F3477F77671}"
EndProject
Global
	GlobalSection(SolutionConfigurationPlatforms) = preSolution
		Debug|Any CPU = Debug|Any CPU
		Release|Any CPU = Release|Any CPU
	EndGlobalSection
	GlobalSection(ProjectConfigurationPlatforms) = postSolution
		{EBCAD54C-3C83-ED00-33C1-88FB3ADFF30E}.Debug|Any CPU.ActiveCfg = Debug|Any CPU
		{EBCAD54C-3C83-ED00-33C1-88FB3ADFF30E}.Debug|Any CPU.Build.0 = Debug|Any CPU
		{EBCAD54C-3C83-ED00-33C1-88FB3ADFF30E}.Release|Any CPU.ActiveCfg = Release|Any CPU
		{EBCAD54C-3C83-ED00-33C1-88FB3ADFF30E}.Release|Any CPU.Build.0 = Release|Any CPU
		{ACD9E6E3-497E-4705-FCC8-1F3477F77671}.Debug|Any CPU.ActiveCfg = Debug|Any CPU
		{ACD9E6E3-497E-4705-FCC8-1F3477F77671}.Debug|Any CPU.Build.0 = Debug|Any CPU
		{ACD9E6E3-497E-4705-FCC8-1F3477F77671}.Release|Any CPU.ActiveCfg = Release|Any CPU
		{ACD9E6E3-497E-4705-FCC8-1F3477F77671}.Release|Any CPU.Build.0 = Release|Any CPU
	EndGlobalSection
	GlobalSection(SolutionProperties) = preSolution
		HideSolutionNode = FALSE
	EndGlobalSection
	GlobalSection(NestedProjects) = preSolution
		{EBCAD54C-3C83-ED00-33C1-88FB3ADFF30E} = {9FB5B45A-F650-E23E-1777-786DC8999F67}
		{ACD9E6E3-497E-4705-FCC8-1F3477F77671} = {9FB5B45A-F650-E23E-1777-786DC8999F67}
	EndGlobalSection
	GlobalSection(ExtensibilityGlobals) = postSolution
		SolutionGuid = {28A6CC36-C629-48D7-92FA-D441EDDD6DB8}
	EndGlobalSection
EndGlobal
