Microsoft Visual Studio Solution File, Format Version 12.00
# Visual Studio Version 17
VisualStudioVersion = 17.5.2.0
MinimumVisualStudioVersion = 10.0.40219.1
Project("{2150E333-8FDC-42A3-9474-1A3956D46DE8}") = "SecureTasks", "SecureTasks", "{46E1FCC1-8419-7433-D70E-55AFFC43E402}"
EndProject
Project("{FAE04EC0-301F-11D3-BF4B-00C04F79EFBC}") = "SecureTasks", "SecureTasks\SecureTasks\SecureTasks.csproj", "{4C31E235-8A0A-157D-DE43-9D7FFD43F8ED}"
EndProject
Global
	GlobalSection(SolutionConfigurationPlatforms) = preSolution
		Debug|Any CPU = Debug|Any CPU
		Release|Any CPU = Release|Any CPU
	EndGlobalSection
	GlobalSection(ProjectConfigurationPlatforms) = postSolution
		{4C31E235-8A0A-157D-DE43-9D7FFD43F8ED}.Debug|Any CPU.ActiveCfg = Debug|Any CPU
		{4C31E235-8A0A-157D-DE43-9D7FFD43F8ED}.Debug|Any CPU.Build.0 = Debug|Any CPU
		{4C31E235-8A0A-157D-DE43-9D7FFD43F8ED}.Release|Any CPU.ActiveCfg = Release|Any CPU
		{4C31E235-8A0A-157D-DE43-9D7FFD43F8ED}.Release|Any CPU.Build.0 = Release|Any CPU
	EndGlobalSection
	GlobalSection(SolutionProperties) = preSolution
		HideSolutionNode = FALSE
	EndGlobalSection
	GlobalSection(NestedProjects) = preSolution
		{4C31E235-8A0A-157D-DE43-9D7FFD43F8ED} = {46E1FCC1-8419-7433-D70E-55AFFC43E402}
	EndGlobalSection
	GlobalSection(ExtensibilityGlobals) = postSolution
		SolutionGuid = {F93B6F41-5A5D-43FE-B1EA-08C80BEC538D}
	EndGlobalSection
EndGlobal
